// !$*UTF8*$!
{
	archiveVersion = 1;
	classes = {
	};
	objectVersion = 50;
	objects = {

/* Begin PBXBuildFile section */
		028BAF162419C3A100F8A5CE /* AppDelegate.swift in Sources */ = {isa = PBXBuildFile; fileRef = 028BAF152419C3A100F8A5CE /* AppDelegate.swift */; };
		028BAF182419C3A100F8A5CE /* SceneDelegate.swift in Sources */ = {isa = PBXBuildFile; fileRef = 028BAF172419C3A100F8A5CE /* SceneDelegate.swift */; };
		028BAF1A2419C3A100F8A5CE /* SearchViewController.swift in Sources */ = {isa = PBXBuildFile; fileRef = 028BAF192419C3A100F8A5CE /* SearchViewController.swift */; };
		028BAF1D2419C3A100F8A5CE /* Main.storyboard in Resources */ = {isa = PBXBuildFile; fileRef = 028BAF1B2419C3A100F8A5CE /* Main.storyboard */; };
		028BAF1F2419C3A700F8A5CE /* Assets.xcassets in Resources */ = {isa = PBXBuildFile; fileRef = 028BAF1E2419C3A700F8A5CE /* Assets.xcassets */; };
		028BAF222419C3A700F8A5CE /* LaunchScreen.storyboard in Resources */ = {isa = PBXBuildFile; fileRef = 028BAF202419C3A700F8A5CE /* LaunchScreen.storyboard */; };
		028BAF2C2419D3C900F8A5CE /* GithubAPI.swift in Sources */ = {isa = PBXBuildFile; fileRef = 028BAF2B2419D3C900F8A5CE /* GithubAPI.swift */; };
		028BAF302419D44C00F8A5CE /* APIClientServiceBase.swift in Sources */ = {isa = PBXBuildFile; fileRef = 028BAF2F2419D44C00F8A5CE /* APIClientServiceBase.swift */; };
		028BAF322419D45D00F8A5CE /* APIClientContfigurable.swift in Sources */ = {isa = PBXBuildFile; fileRef = 028BAF312419D45D00F8A5CE /* APIClientContfigurable.swift */; };
		028BAF342419D56000F8A5CE /* ViewModel.swift in Sources */ = {isa = PBXBuildFile; fileRef = 028BAF332419D56000F8A5CE /* ViewModel.swift */; };
		028BAF362419D9CB00F8A5CE /* UserTableViewCell.swift in Sources */ = {isa = PBXBuildFile; fileRef = 028BAF352419D9CB00F8A5CE /* UserTableViewCell.swift */; };
		028BAF38241A97F200F8A5CE /* User.swift in Sources */ = {isa = PBXBuildFile; fileRef = 028BAF37241A97F200F8A5CE /* User.swift */; };
		028BAF3A241A988C00F8A5CE /* Repository.swift in Sources */ = {isa = PBXBuildFile; fileRef = 028BAF39241A988C00F8A5CE /* Repository.swift */; };
		028BAF3C241AB8C300F8A5CE /* GitHubUserSearchService.swift in Sources */ = {isa = PBXBuildFile; fileRef = 028BAF3B241AB8C300F8A5CE /* GitHubUserSearchService.swift */; };
		367FC0CAAA309EB65407FC4C /* libPods-GitHubUserSearch.a in Frameworks */ = {isa = PBXBuildFile; fileRef = EB5D8322756DAE234967F5E7 /* libPods-GitHubUserSearch.a */; };
/* End PBXBuildFile section */

/* Begin PBXFileReference section */
		028BAF122419C3A100F8A5CE /* GitHubUserSearch.app */ = {isa = PBXFileReference; explicitFileType = wrapper.application; includeInIndex = 0; path = GitHubUserSearch.app; sourceTree = BUILT_PRODUCTS_DIR; };
		028BAF152419C3A100F8A5CE /* AppDelegate.swift */ = {isa = PBXFileReference; lastKnownFileType = sourcecode.swift; path = AppDelegate.swift; sourceTree = "<group>"; };
		028BAF172419C3A100F8A5CE /* SceneDelegate.swift */ = {isa = PBXFileReference; lastKnownFileType = sourcecode.swift; path = SceneDelegate.swift; sourceTree = "<group>"; };
		028BAF192419C3A100F8A5CE /* SearchViewController.swift */ = {isa = PBXFileReference; lastKnownFileType = sourcecode.swift; path = SearchViewController.swift; sourceTree = "<group>"; };
		028BAF1C2419C3A100F8A5CE /* Base */ = {isa = PBXFileReference; lastKnownFileType = file.storyboard; name = Base; path = Base.lproj/Main.storyboard; sourceTree = "<group>"; };
		028BAF1E2419C3A700F8A5CE /* Assets.xcassets */ = {isa = PBXFileReference; lastKnownFileType = folder.assetcatalog; path = Assets.xcassets; sourceTree = "<group>"; };
		028BAF212419C3A700F8A5CE /* Base */ = {isa = PBXFileReference; lastKnownFileType = file.storyboard; name = Base; path = Base.lproj/LaunchScreen.storyboard; sourceTree = "<group>"; };
		028BAF232419C3A700F8A5CE /* Info.plist */ = {isa = PBXFileReference; lastKnownFileType = text.plist.xml; path = Info.plist; sourceTree = "<group>"; };
		028BAF2B2419D3C900F8A5CE /* GithubAPI.swift */ = {isa = PBXFileReference; lastKnownFileType = sourcecode.swift; path = GithubAPI.swift; sourceTree = "<group>"; };
		028BAF2F2419D44C00F8A5CE /* APIClientServiceBase.swift */ = {isa = PBXFileReference; lastKnownFileType = sourcecode.swift; path = APIClientServiceBase.swift; sourceTree = "<group>"; };
		028BAF312419D45D00F8A5CE /* APIClientContfigurable.swift */ = {isa = PBXFileReference; lastKnownFileType = sourcecode.swift; path = APIClientContfigurable.swift; sourceTree = "<group>"; };
		028BAF332419D56000F8A5CE /* ViewModel.swift */ = {isa = PBXFileReference; lastKnownFileType = sourcecode.swift; path = ViewModel.swift; sourceTree = "<group>"; };
		028BAF352419D9CB00F8A5CE /* UserTableViewCell.swift */ = {isa = PBXFileReference; lastKnownFileType = sourcecode.swift; path = UserTableViewCell.swift; sourceTree = "<group>"; };
		028BAF37241A97F200F8A5CE /* User.swift */ = {isa = PBXFileReference; lastKnownFileType = sourcecode.swift; path = User.swift; sourceTree = "<group>"; };
		028BAF39241A988C00F8A5CE /* Repository.swift */ = {isa = PBXFileReference; lastKnownFileType = sourcecode.swift; path = Repository.swift; sourceTree = "<group>"; };
		028BAF3B241AB8C300F8A5CE /* GitHubUserSearchService.swift */ = {isa = PBXFileReference; lastKnownFileType = sourcecode.swift; path = GitHubUserSearchService.swift; sourceTree = "<group>"; };
		BB5F02179EEA8ADF95258C39 /* Pods-GitHubUserSearch.debug.xcconfig */ = {isa = PBXFileReference; includeInIndex = 1; lastKnownFileType = text.xcconfig; name = "Pods-GitHubUserSearch.debug.xcconfig"; path = "Target Support Files/Pods-GitHubUserSearch/Pods-GitHubUserSearch.debug.xcconfig"; sourceTree = "<group>"; };
		BBAF05BBE62790A4196454CD /* Pods-GitHubUserSearch.release.xcconfig */ = {isa = PBXFileReference; includeInIndex = 1; lastKnownFileType = text.xcconfig; name = "Pods-GitHubUserSearch.release.xcconfig"; path = "Target Support Files/Pods-GitHubUserSearch/Pods-GitHubUserSearch.release.xcconfig"; sourceTree = "<group>"; };
		EB5D8322756DAE234967F5E7 /* libPods-GitHubUserSearch.a */ = {isa = PBXFileReference; explicitFileType = archive.ar; includeInIndex = 0; path = "libPods-GitHubUserSearch.a"; sourceTree = BUILT_PRODUCTS_DIR; };
/* End PBXFileReference section */

/* Begin PBXFrameworksBuildPhase section */
		028BAF0F2419C3A100F8A5CE /* Frameworks */ = {
			isa = PBXFrameworksBuildPhase;
			buildActionMask = 2147483647;
			files = (
				367FC0CAAA309EB65407FC4C /* libPods-GitHubUserSearch.a in Frameworks */,
			);
			runOnlyForDeploymentPostprocessing = 0;
		};
/* End PBXFrameworksBuildPhase section */

/* Begin PBXGroup section */
		028BAF092419C3A100F8A5CE = {
			isa = PBXGroup;
			children = (
				028BAF142419C3A100F8A5CE /* GitHubUserSearch */,
				028BAF132419C3A100F8A5CE /* Products */,
				1E9A673EF5F903BE5F90BAB6 /* Pods */,
				33B82511D2DA480F73356FEB /* Frameworks */,
			);
			sourceTree = "<group>";
		};
		028BAF132419C3A100F8A5CE /* Products */ = {
			isa = PBXGroup;
			children = (
				028BAF122419C3A100F8A5CE /* GitHubUserSearch.app */,
			);
			name = Products;
			sourceTree = "<group>";
		};
		028BAF142419C3A100F8A5CE /* GitHubUserSearch */ = {
			isa = PBXGroup;
			children = (
				028BAF152419C3A100F8A5CE /* AppDelegate.swift */,
				028BAF172419C3A100F8A5CE /* SceneDelegate.swift */,
				028BAF192419C3A100F8A5CE /* SearchViewController.swift */,
				028BAF1B2419C3A100F8A5CE /* Main.storyboard */,
				028BAF1E2419C3A700F8A5CE /* Assets.xcassets */,
				028BAF202419C3A700F8A5CE /* LaunchScreen.storyboard */,
				028BAF232419C3A700F8A5CE /* Info.plist */,
				028BAF2B2419D3C900F8A5CE /* GithubAPI.swift */,
				028BAF2F2419D44C00F8A5CE /* APIClientServiceBase.swift */,
				028BAF312419D45D00F8A5CE /* APIClientContfigurable.swift */,
				028BAF332419D56000F8A5CE /* ViewModel.swift */,
				028BAF352419D9CB00F8A5CE /* UserTableViewCell.swift */,
				028BAF37241A97F200F8A5CE /* User.swift */,
				028BAF39241A988C00F8A5CE /* Repository.swift */,
				028BAF3B241AB8C300F8A5CE /* GitHubUserSearchService.swift */,
			);
			path = GitHubUserSearch;
			sourceTree = "<group>";
		};
		1E9A673EF5F903BE5F90BAB6 /* Pods */ = {
			isa = PBXGroup;
			children = (
				BB5F02179EEA8ADF95258C39 /* Pods-GitHubUserSearch.debug.xcconfig */,
				BBAF05BBE62790A4196454CD /* Pods-GitHubUserSearch.release.xcconfig */,
			);
			path = Pods;
			sourceTree = "<group>";
		};
		33B82511D2DA480F73356FEB /* Frameworks */ = {
			isa = PBXGroup;
			children = (
				EB5D8322756DAE234967F5E7 /* libPods-GitHubUserSearch.a */,
			);
			name = Frameworks;
			sourceTree = "<group>";
		};
/* End PBXGroup section */

/* Begin PBXNativeTarget section */
		028BAF112419C3A100F8A5CE /* GitHubUserSearch */ = {
			isa = PBXNativeTarget;
			buildConfigurationList = 028BAF262419C3A700F8A5CE /* Build configuration list for PBXNativeTarget "GitHubUserSearch" */;
			buildPhases = (
				53885715341407642115EC69 /* [CP] Check Pods Manifest.lock */,
				028BAF0E2419C3A100F8A5CE /* Sources */,
				028BAF0F2419C3A100F8A5CE /* Frameworks */,
				028BAF102419C3A100F8A5CE /* Resources */,
			);
			buildRules = (
			);
			dependencies = (
			);
			name = GitHubUserSearch;
			productName = GitHubUserSearch;
			productReference = 028BAF122419C3A100F8A5CE /* GitHubUserSearch.app */;
			productType = "com.apple.product-type.application";
		};
/* End PBXNativeTarget section */

/* Begin PBXProject section */
		028BAF0A2419C3A100F8A5CE /* Project object */ = {
			isa = PBXProject;
			attributes = {
				LastSwiftUpdateCheck = 1130;
				LastUpgradeCheck = 1130;
				ORGANIZATIONNAME = Consultant;
				TargetAttributes = {
					028BAF112419C3A100F8A5CE = {
						CreatedOnToolsVersion = 11.3.1;
					};
				};
			};
			buildConfigurationList = 028BAF0D2419C3A100F8A5CE /* Build configuration list for PBXProject "GitHubUserSearch" */;
			compatibilityVersion = "Xcode 9.3";
			developmentRegion = en;
			hasScannedForEncodings = 0;
			knownRegions = (
				en,
				Base,
			);
			mainGroup = 028BAF092419C3A100F8A5CE;
			productRefGroup = 028BAF132419C3A100F8A5CE /* Products */;
			projectDirPath = "";
			projectRoot = "";
			targets = (
				028BAF112419C3A100F8A5CE /* GitHubUserSearch */,
			);
		};
/* End PBXProject section */

/* Begin PBXResourcesBuildPhase section */
		028BAF102419C3A100F8A5CE /* Resources */ = {
			isa = PBXResourcesBuildPhase;
			buildActionMask = 2147483647;
			files = (
				028BAF222419C3A700F8A5CE /* LaunchScreen.storyboard in Resources */,
				028BAF1F2419C3A700F8A5CE /* Assets.xcassets in Resources */,
				028BAF1D2419C3A100F8A5CE /* Main.storyboard in Resources */,
			);
			runOnlyForDeploymentPostprocessing = 0;
		};
/* End PBXResourcesBuildPhase section */

/* Begin PBXShellScriptBuildPhase section */
		53885715341407642115EC69 /* [CP] Check Pods Manifest.lock */ = {
			isa = PBXShellScriptBuildPhase;
			buildActionMask = 2147483647;
			files = (
			);
			inputFileListPaths = (
			);
			inputPaths = (
				"${PODS_PODFILE_DIR_PATH}/Podfile.lock",
				"${PODS_ROOT}/Manifest.lock",
			);
			name = "[CP] Check Pods Manifest.lock";
			outputFileListPaths = (
			);
			outputPaths = (
				"$(DERIVED_FILE_DIR)/Pods-GitHubUserSearch-checkManifestLockResult.txt",
			);
			runOnlyForDeploymentPostprocessing = 0;
			shellPath = /bin/sh;
			shellScript = "diff \"${PODS_PODFILE_DIR_PATH}/Podfile.lock\" \"${PODS_ROOT}/Manifest.lock\" > /dev/null\nif [ $? != 0 ] ; then\n    # print error to STDERR\n    echo \"error: The sandbox is not in sync with the Podfile.lock. Run 'pod install' or update your CocoaPods installation.\" >&2\n    exit 1\nfi\n# This output is used by Xcode 'outputs' to avoid re-running this script phase.\necho \"SUCCESS\" > \"${SCRIPT_OUTPUT_FILE_0}\"\n";
			showEnvVarsInLog = 0;
		};
/* End PBXShellScriptBuildPhase section */

/* Begin PBXSourcesBuildPhase section */
		028BAF0E2419C3A100F8A5CE /* Sources */ = {
			isa = PBXSourcesBuildPhase;
			buildActionMask = 2147483647;
			files = (
				028BAF362419D9CB00F8A5CE /* UserTableViewCell.swift in Sources */,
				028BAF322419D45D00F8A5CE /* APIClientContfigurable.swift in Sources */,
				028BAF1A2419C3A100F8A5CE /* SearchViewController.swift in Sources */,
				028BAF302419D44C00F8A5CE /* APIClientServiceBase.swift in Sources */,
				028BAF3A241A988C00F8A5CE /* Repository.swift in Sources */,
				028BAF162419C3A100F8A5CE /* AppDelegate.swift in Sources */,
				028BAF182419C3A100F8A5CE /* SceneDelegate.swift in Sources */,
				028BAF342419D56000F8A5CE /* ViewModel.swift in Sources */,
				028BAF3C241AB8C300F8A5CE /* GitHubUserSearchService.swift in Sources */,
				028BAF38241A97F200F8A5CE /* User.swift in Sources */,
				028BAF2C2419D3C900F8A5CE /* GithubAPI.swift in Sources */,
			);
			runOnlyForDeploymentPostprocessing = 0;
		};
/* End PBXSourcesBuildPhase section */

/* Begin PBXVariantGroup section */
		028BAF1B2419C3A100F8A5CE /* Main.storyboard */ = {
			isa = PBXVariantGroup;
			children = (
				028BAF1C2419C3A100F8A5CE /* Base */,
			);
			name = Main.storyboard;
			sourceTree = "<group>";
		};
		028BAF202419C3A700F8A5CE /* LaunchScreen.storyboard */ = {
			isa = PBXVariantGroup;
			children = (
				028BAF212419C3A700F8A5CE /* Base */,
			);
			name = LaunchScreen.storyboard;
			sourceTree = "<group>";
		};
/* End PBXVariantGroup section */

/* Begin XCBuildConfiguration section */
		028BAF242419C3A700F8A5CE /* Debug */ = {
			isa = XCBuildConfiguration;
			buildSettings = {
				ALWAYS_SEARCH_USER_PATHS = NO;
				CLANG_ANALYZER_NONNULL = YES;
				CLANG_ANALYZER_NUMBER_OBJECT_CONVERSION = YES_AGGRESSIVE;
				CLANG_CXX_LANGUAGE_STANDARD = "gnu++14";
				CLANG_CXX_LIBRARY = "libc++";
				CLANG_ENABLE_MODULES = YES;
				CLANG_ENABLE_OBJC_ARC = YES;
				CLANG_ENABLE_OBJC_WEAK = YES;
				CLANG_WARN_BLOCK_CAPTURE_AUTORELEASING = YES;
				CLANG_WARN_BOOL_CONVERSION = YES;
				CLANG_WARN_COMMA = YES;
				CLANG_WARN_CONSTANT_CONVERSION = YES;
				CLANG_WARN_DEPRECATED_OBJC_IMPLEMENTATIONS = YES;
				CLANG_WARN_DIRECT_OBJC_ISA_USAGE = YES_ERROR;
				CLANG_WARN_DOCUMENTATION_COMMENTS = YES;
				CLANG_WARN_EMPTY_BODY = YES;
				CLANG_WARN_ENUM_CONVERSION = YES;
				CLANG_WARN_INFINITE_RECURSION = YES;
				CLANG_WARN_INT_CONVERSION = YES;
				CLANG_WARN_NON_LITERAL_NULL_CONVERSION = YES;
				CLANG_WARN_OBJC_IMPLICIT_RETAIN_SELF = YES;
				CLANG_WARN_OBJC_LITERAL_CONVERSION = YES;
				CLANG_WARN_OBJC_ROOT_CLASS = YES_ERROR;
				CLANG_WARN_RANGE_LOOP_ANALYSIS = YES;
				CLANG_WARN_STRICT_PROTOTYPES = YES;
				CLANG_WARN_SUSPICIOUS_MOVE = YES;
				CLANG_WARN_UNGUARDED_AVAILABILITY = YES_AGGRESSIVE;
				CLANG_WARN_UNREACHABLE_CODE = YES;
				CLANG_WARN__DUPLICATE_METHOD_MATCH = YES;
				COPY_PHASE_STRIP = NO;
				DEBUG_INFORMATION_FORMAT = dwarf;
				ENABLE_STRICT_OBJC_MSGSEND = YES;
				ENABLE_TESTABILITY = YES;
				GCC_C_LANGUAGE_STANDARD = gnu11;
				GCC_DYNAMIC_NO_PIC = NO;
				GCC_NO_COMMON_BLOCKS = YES;
				GCC_OPTIMIZATION_LEVEL = 0;
				GCC_PREPROCESSOR_DEFINITIONS = (
					"DEBUG=1",
					"$(inherited)",
				);
				GCC_WARN_64_TO_32_BIT_CONVERSION = YES;
				GCC_WARN_ABOUT_RETURN_TYPE = YES_ERROR;
				GCC_WARN_UNDECLARED_SELECTOR = YES;
				GCC_WARN_UNINITIALIZED_AUTOS = YES_AGGRESSIVE;
				GCC_WARN_UNUSED_FUNCTION = YES;
				GCC_WARN_UNUSED_VARIABLE = YES;
				IPHONEOS_DEPLOYMENT_TARGET = 13.2;
				MTL_ENABLE_DEBUG_INFO = INCLUDE_SOURCE;
				MTL_FAST_MATH = YES;
				ONLY_ACTIVE_ARCH = YES;
				SDKROOT = iphoneos;
				SWIFT_ACTIVE_COMPILATION_CONDITIONS = DEBUG;
				SWIFT_OPTIMIZATION_LEVEL = "-Onone";
			};
			name = Debug;
		};
		028BAF252419C3A700F8A5CE /* Release */ = {
			isa = XCBuildConfiguration;
			buildSettings = {
				ALWAYS_SEARCH_USER_PATHS = NO;
				CLANG_ANALYZER_NONNULL = YES;
				CLANG_ANALYZER_NUMBER_OBJECT_CONVERSION = YES_AGGRESSIVE;
				CLANG_CXX_LANGUAGE_STANDARD = "gnu++14";
				CLANG_CXX_LIBRARY = "libc++";
				CLANG_ENABLE_MODULES = YES;
				CLANG_ENABLE_OBJC_ARC = YES;
				CLANG_ENABLE_OBJC_WEAK = YES;
				CLANG_WARN_BLOCK_CAPTURE_AUTORELEASING = YES;
				CLANG_WARN_BOOL_CONVERSION = YES;
				CLANG_WARN_COMMA = YES;
				CLANG_WARN_CONSTANT_CONVERSION = YES;
				CLANG_WARN_DEPRECATED_OBJC_IMPLEMENTATIONS = YES;
				CLANG_WARN_DIRECT_OBJC_ISA_USAGE = YES_ERROR;
				CLANG_WARN_DOCUMENTATION_COMMENTS = YES;
				CLANG_WARN_EMPTY_BODY = YES;
				CLANG_WARN_ENUM_CONVERSION = YES;
				CLANG_WARN_INFINITE_RECURSION = YES;
				CLANG_WARN_INT_CONVERSION = YES;
				CLANG_WARN_NON_LITERAL_NULL_CONVERSION = YES;
				CLANG_WARN_OBJC_IMPLICIT_RETAIN_SELF = YES;
				CLANG_WARN_OBJC_LITERAL_CONVERSION = YES;
				CLANG_WARN_OBJC_ROOT_CLASS = YES_ERROR;
				CLANG_WARN_RANGE_LOOP_ANALYSIS = YES;
				CLANG_WARN_STRICT_PROTOTYPES = YES;
				CLANG_WARN_SUSPICIOUS_MOVE = YES;
				CLANG_WARN_UNGUARDED_AVAILABILITY = YES_AGGRESSIVE;
				CLANG_WARN_UNREACHABLE_CODE = YES;
				CLANG_WARN__DUPLICATE_METHOD_MATCH = YES;
				COPY_PHASE_STRIP = NO;
				DEBUG_INFORMATION_FORMAT = "dwarf-with-dsym";
				ENABLE_NS_ASSERTIONS = NO;
				ENABLE_STRICT_OBJC_MSGSEND = YES;
				GCC_C_LANGUAGE_STANDARD = gnu11;
				GCC_NO_COMMON_BLOCKS = YES;
				GCC_WARN_64_TO_32_BIT_CONVERSION = YES;
				GCC_WARN_ABOUT_RETURN_TYPE = YES_ERROR;
				GCC_WARN_UNDECLARED_SELECTOR = YES;
				GCC_WARN_UNINITIALIZED_AUTOS = YES_AGGRESSIVE;
				GCC_WARN_UNUSED_FUNCTION = YES;
				GCC_WARN_UNUSED_VARIABLE = YES;
				IPHONEOS_DEPLOYMENT_TARGET = 13.2;
				MTL_ENABLE_DEBUG_INFO = NO;
				MTL_FAST_MATH = YES;
				SDKROOT = iphoneos;
				SWIFT_COMPILATION_MODE = wholemodule;
				SWIFT_OPTIMIZATION_LEVEL = "-O";
				VALIDATE_PRODUCT = YES;
			};
			name = Release;
		};
		028BAF272419C3A700F8A5CE /* Debug */ = {
			isa = XCBuildConfiguration;
			baseConfigurationReference = BB5F02179EEA8ADF95258C39 /* Pods-GitHubUserSearch.debug.xcconfig */;
			buildSettings = {
				ASSETCATALOG_COMPILER_APPICON_NAME = AppIcon;
				CODE_SIGN_STYLE = Automatic;
				DEVELOPMENT_TEAM = 5HTVL8P735;
				INFOPLIST_FILE = GitHubUserSearch/Info.plist;
				LD_RUNPATH_SEARCH_PATHS = (
					"$(inherited)",
					"@executable_path/Frameworks",
				);
				PRODUCT_BUNDLE_IDENTIFIER = Consultant.GitHubUserSearch;
				PRODUCT_NAME = "$(TARGET_NAME)";
				SWIFT_VERSION = 5.0;
				TARGETED_DEVICE_FAMILY = "1,2";
			};
			name = Debug;
		};
		028BAF282419C3A700F8A5CE /* Release */ = {
			isa = XCBuildConfiguration;
			baseConfigurationReference = BBAF05BBE62790A4196454CD /* Pods-GitHubUserSearch.release.xcconfig */;
			buildSettings = {
				ASSETCATALOG_COMPILER_APPICON_NAME = AppIcon;
				CODE_SIGN_STYLE = Automatic;
				DEVELOPMENT_TEAM = 5HTVL8P735;
				INFOPLIST_FILE = GitHubUserSearch/Info.plist;
				LD_RUNPATH_SEARCH_PATHS = (
					"$(inherited)",
					"@executable_path/Frameworks",
				);
				PRODUCT_BUNDLE_IDENTIFIER = Consultant.GitHubUserSearch;
				PRODUCT_NAME = "$(TARGET_NAME)";
				SWIFT_VERSION = 5.0;
				TARGETED_DEVICE_FAMILY = "1,2";
			};
			name = Release;
		};
/* End XCBuildConfiguration section */

/* Begin XCConfigurationList section */
		028BAF0D2419C3A100F8A5CE /* Build configuration list for PBXProject "GitHubUserSearch" */ = {
			isa = XCConfigurationList;
			buildConfigurations = (
				028BAF242419C3A700F8A5CE /* Debug */,
				028BAF252419C3A700F8A5CE /* Release */,
			);
			defaultConfigurationIsVisible = 0;
			defaultConfigurationName = Release;
		};
		028BAF262419C3A700F8A5CE /* Build configuration list for PBXNativeTarget "GitHubUserSearch" */ = {
			isa = XCConfigurationList;
			buildConfigurations = (
				028BAF272419C3A700F8A5CE /* Debug */,
				028BAF282419C3A700F8A5CE /* Release */,
			);
			defaultConfigurationIsVisible = 0;
			defaultConfigurationName = Release;
		};
/* End XCConfigurationList section */
	};
	rootObject = 028BAF0A2419C3A100F8A5CE /* Project object */;
}
